
Microsoft Visual Studio Solution File, Format Version 12.00
# Visual Studio Version 17
VisualStudioVersion = 17.7.34031.279
MinimumVisualStudioVersion = 10.0.40219.1
Project("{FAE04EC0-301F-11D3-BF4B-00C04F79EFBC}") = "Конвертер", "Конвертер\Конвертер.csproj", "{827F47E5-BBFB-44C7-9B63-F08BEF168E71}"
EndProject
Global
	GlobalSection(SolutionConfigurationPlatforms) = preSolution
		Debug|Any CPU = Debug|Any CPU
		Release|Any CPU = Release|Any CPU
	EndGlobalSection
	GlobalSection(ProjectConfigurationPlatforms) = postSolution
		{827F47E5-BBFB-44C7-9B63-F08BEF168E71}.Debug|Any CPU.ActiveCfg = Debug|Any CPU
		{827F47E5-BBFB-44C7-9B63-F08BEF168E71}.Debug|Any CPU.Build.0 = Debug|Any CPU
		{827F47E5-BBFB-44C7-9B63-F08BEF168E71}.Release|Any CPU.ActiveCfg = Release|Any CPU
		{827F47E5-BBFB-44C7-9B63-F08BEF168E71}.Release|Any CPU.Build.0 = Release|Any CPU
	EndGlobalSection
	GlobalSection(SolutionProperties) = preSolution
		HideSolutionNode = FALSE
	EndGlobalSection
	GlobalSection(ExtensibilityGlobals) = postSolution
		SolutionGuid = {D78D4781-4A05-4266-8F79-50B3565C31EB}
	EndGlobalSection
EndGlobal
